// !$*UTF8*$!
{
	archiveVersion = 1;
	classes = {
	};
	objectVersion = 56;
	objects = {

/* Begin PBXBuildFile section */
		42F4F32E29E4EC64005DE49F /* _706012110025_Rifqie_AFL3App.swift in Sources */ = {isa = PBXBuildFile; fileRef = 42F4F32D29E4EC64005DE49F /* _706012110025_Rifqie_AFL3App.swift */; };
		42F4F33029E4EC64005DE49F /* ContentView.swift in Sources */ = {isa = PBXBuildFile; fileRef = 42F4F32F29E4EC64005DE49F /* ContentView.swift */; };
		42F4F33229E4EC66005DE49F /* Assets.xcassets in Resources */ = {isa = PBXBuildFile; fileRef = 42F4F33129E4EC66005DE49F /* Assets.xcassets */; };
		42F4F33529E4EC66005DE49F /* Preview Assets.xcassets in Resources */ = {isa = PBXBuildFile; fileRef = 42F4F33429E4EC66005DE49F /* Preview Assets.xcassets */; };
		42F4F33F29E4EC66005DE49F /* _706012110025_Rifqie_AFL3Tests.swift in Sources */ = {isa = PBXBuildFile; fileRef = 42F4F33E29E4EC66005DE49F /* _706012110025_Rifqie_AFL3Tests.swift */; };
		42F4F34929E4EC66005DE49F /* _706012110025_Rifqie_AFL3UITests.swift in Sources */ = {isa = PBXBuildFile; fileRef = 42F4F34829E4EC66005DE49F /* _706012110025_Rifqie_AFL3UITests.swift */; };
		42F4F34B29E4EC66005DE49F /* _706012110025_Rifqie_AFL3UITestsLaunchTests.swift in Sources */ = {isa = PBXBuildFile; fileRef = 42F4F34A29E4EC66005DE49F /* _706012110025_Rifqie_AFL3UITestsLaunchTests.swift */; };
		42F4F35829E4F04C005DE49F /* CircleImage.swift in Sources */ = {isa = PBXBuildFile; fileRef = 42F4F35729E4F04C005DE49F /* CircleImage.swift */; };
/* End PBXBuildFile section */

/* Begin PBXContainerItemProxy section */
		42F4F33B29E4EC66005DE49F /* PBXContainerItemProxy */ = {
			isa = PBXContainerItemProxy;
			containerPortal = 42F4F32229E4EC64005DE49F /* Project object */;
			proxyType = 1;
			remoteGlobalIDString = 42F4F32929E4EC64005DE49F;
			remoteInfo = "0706012110025-Rifqie-AFL3";
		};
		42F4F34529E4EC66005DE49F /* PBXContainerItemProxy */ = {
			isa = PBXContainerItemProxy;
			containerPortal = 42F4F32229E4EC64005DE49F /* Project object */;
			proxyType = 1;
			remoteGlobalIDString = 42F4F32929E4EC64005DE49F;
			remoteInfo = "0706012110025-Rifqie-AFL3";
		};
/* End PBXContainerItemProxy section */

/* Begin PBXFileReference section */
		42F4F32A29E4EC64005DE49F /* 0706012110025-Rifqie-AFL3.app */ = {isa = PBXFileReference; explicitFileType = wrapper.application; includeInIndex = 0; path = "0706012110025-Rifqie-AFL3.app"; sourceTree = BUILT_PRODUCTS_DIR; };
		42F4F32D29E4EC64005DE49F /* _706012110025_Rifqie_AFL3App.swift */ = {isa = PBXFileReference; lastKnownFileType = sourcecode.swift; path = _706012110025_Rifqie_AFL3App.swift; sourceTree = "<group>"; };
		42F4F32F29E4EC64005DE49F /* ContentView.swift */ = {isa = PBXFileReference; lastKnownFileType = sourcecode.swift; path = ContentView.swift; sourceTree = "<group>"; };
		42F4F33129E4EC66005DE49F /* Assets.xcassets */ = {isa = PBXFileReference; lastKnownFileType = folder.assetcatalog; path = Assets.xcassets; sourceTree = "<group>"; };
		42F4F33429E4EC66005DE49F /* Preview Assets.xcassets */ = {isa = PBXFileReference; lastKnownFileType = folder.assetcatalog; path = "Preview Assets.xcassets"; sourceTree = "<group>"; };
		42F4F33A29E4EC66005DE49F /* 0706012110025-Rifqie-AFL3Tests.xctest */ = {isa = PBXFileReference; explicitFileType = wrapper.cfbundle; includeInIndex = 0; path = "0706012110025-Rifqie-AFL3Tests.xctest"; sourceTree = BUILT_PRODUCTS_DIR; };
		42F4F33E29E4EC66005DE49F /* _706012110025_Rifqie_AFL3Tests.swift */ = {isa = PBXFileReference; lastKnownFileType = sourcecode.swift; path = _706012110025_Rifqie_AFL3Tests.swift; sourceTree = "<group>"; };
		42F4F34429E4EC66005DE49F /* 0706012110025-Rifqie-AFL3UITests.xctest */ = {isa = PBXFileReference; explicitFileType = wrapper.cfbundle; includeInIndex = 0; path = "0706012110025-Rifqie-AFL3UITests.xctest"; sourceTree = BUILT_PRODUCTS_DIR; };
		42F4F34829E4EC66005DE49F /* _706012110025_Rifqie_AFL3UITests.swift */ = {isa = PBXFileReference; lastKnownFileType = sourcecode.swift; path = _706012110025_Rifqie_AFL3UITests.swift; sourceTree = "<group>"; };
		42F4F34A29E4EC66005DE49F /* _706012110025_Rifqie_AFL3UITestsLaunchTests.swift */ = {isa = PBXFileReference; lastKnownFileType = sourcecode.swift; path = _706012110025_Rifqie_AFL3UITestsLaunchTests.swift; sourceTree = "<group>"; };
		42F4F35729E4F04C005DE49F /* CircleImage.swift */ = {isa = PBXFileReference; lastKnownFileType = sourcecode.swift; path = CircleImage.swift; sourceTree = "<group>"; };
/* End PBXFileReference section */

/* Begin PBXFrameworksBuildPhase section */
		42F4F32729E4EC64005DE49F /* Frameworks */ = {
			isa = PBXFrameworksBuildPhase;
			buildActionMask = 2147483647;
			files = (
			);
			runOnlyForDeploymentPostprocessing = 0;
		};
		42F4F33729E4EC66005DE49F /* Frameworks */ = {
			isa = PBXFrameworksBuildPhase;
			buildActionMask = 2147483647;
			files = (
			);
			runOnlyForDeploymentPostprocessing = 0;
		};
		42F4F34129E4EC66005DE49F /* Frameworks */ = {
			isa = PBXFrameworksBuildPhase;
			buildActionMask = 2147483647;
			files = (
			);
			runOnlyForDeploymentPostprocessing = 0;
		};
/* End PBXFrameworksBuildPhase section */

/* Begin PBXGroup section */
		42F4F32129E4EC64005DE49F = {
			isa = PBXGroup;
			children = (
				42F4F32C29E4EC64005DE49F /* 0706012110025-Rifqie-AFL3 */,
				42F4F33D29E4EC66005DE49F /* 0706012110025-Rifqie-AFL3Tests */,
				42F4F34729E4EC66005DE49F /* 0706012110025-Rifqie-AFL3UITests */,
				42F4F32B29E4EC64005DE49F /* Products */,
			);
			sourceTree = "<group>";
		};
		42F4F32B29E4EC64005DE49F /* Products */ = {
			isa = PBXGroup;
			children = (
				42F4F32A29E4EC64005DE49F /* 0706012110025-Rifqie-AFL3.app */,
				42F4F33A29E4EC66005DE49F /* 0706012110025-Rifqie-AFL3Tests.xctest */,
				42F4F34429E4EC66005DE49F /* 0706012110025-Rifqie-AFL3UITests.xctest */,
			);
			name = Products;
			sourceTree = "<group>";
		};
		42F4F32C29E4EC64005DE49F /* 0706012110025-Rifqie-AFL3 */ = {
			isa = PBXGroup;
			children = (
				42F4F32D29E4EC64005DE49F /* _706012110025_Rifqie_AFL3App.swift */,
				42F4F35729E4F04C005DE49F /* CircleImage.swift */,
				42F4F32F29E4EC64005DE49F /* ContentView.swift */,
				42F4F33129E4EC66005DE49F /* Assets.xcassets */,
				42F4F33329E4EC66005DE49F /* Preview Content */,
			);
			path = "0706012110025-Rifqie-AFL3";
			sourceTree = "<group>";
		};
		42F4F33329E4EC66005DE49F /* Preview Content */ = {
			isa = PBXGroup;
			children = (
				42F4F33429E4EC66005DE49F /* Preview Assets.xcassets */,
			);
			path = "Preview Content";
			sourceTree = "<group>";
		};
		42F4F33D29E4EC66005DE49F /* 0706012110025-Rifqie-AFL3Tests */ = {
			isa = PBXGroup;
			children = (
				42F4F33E29E4EC66005DE49F /* _706012110025_Rifqie_AFL3Tests.swift */,
			);
			path = "0706012110025-Rifqie-AFL3Tests";
			sourceTree = "<group>";
		};
		42F4F34729E4EC66005DE49F /* 0706012110025-Rifqie-AFL3UITests */ = {
			isa = PBXGroup;
			children = (
				42F4F34829E4EC66005DE49F /* _706012110025_Rifqie_AFL3UITests.swift */,
				42F4F34A29E4EC66005DE49F /* _706012110025_Rifqie_AFL3UITestsLaunchTests.swift */,
			);
			path = "0706012110025-Rifqie-AFL3UITests";
			sourceTree = "<group>";
		};
/* End PBXGroup section */

/* Begin PBXNativeTarget section */
		42F4F32929E4EC64005DE49F /* 0706012110025-Rifqie-AFL3 */ = {
			isa = PBXNativeTarget;
			buildConfigurationList = 42F4F34E29E4EC66005DE49F /* Build configuration list for PBXNativeTarget "0706012110025-Rifqie-AFL3" */;
			buildPhases = (
				42F4F32629E4EC64005DE49F /* Sources */,
				42F4F32729E4EC64005DE49F /* Frameworks */,
				42F4F32829E4EC64005DE49F /* Resources */,
			);
			buildRules = (
			);
			dependencies = (
			);
			name = "0706012110025-Rifqie-AFL3";
			productName = "0706012110025-Rifqie-AFL3";
			productReference = 42F4F32A29E4EC64005DE49F /* 0706012110025-Rifqie-AFL3.app */;
			productType = "com.apple.product-type.application";
		};
		42F4F33929E4EC66005DE49F /* 0706012110025-Rifqie-AFL3Tests */ = {
			isa = PBXNativeTarget;
			buildConfigurationList = 42F4F35129E4EC66005DE49F /* Build configuration list for PBXNativeTarget "0706012110025-Rifqie-AFL3Tests" */;
			buildPhases = (
				42F4F33629E4EC66005DE49F /* Sources */,
				42F4F33729E4EC66005DE49F /* Frameworks */,
				42F4F33829E4EC66005DE49F /* Resources */,
			);
			buildRules = (
			);
			dependencies = (
				42F4F33C29E4EC66005DE49F /* PBXTargetDependency */,
			);
			name = "0706012110025-Rifqie-AFL3Tests";
			productName = "0706012110025-Rifqie-AFL3Tests";
			productReference = 42F4F33A29E4EC66005DE49F /* 0706012110025-Rifqie-AFL3Tests.xctest */;
			productType = "com.apple.product-type.bundle.unit-test";
		};
		42F4F34329E4EC66005DE49F /* 0706012110025-Rifqie-AFL3UITests */ = {
			isa = PBXNativeTarget;
			buildConfigurationList = 42F4F35429E4EC66005DE49F /* Build configuration list for PBXNativeTarget "0706012110025-Rifqie-AFL3UITests" */;
			buildPhases = (
				42F4F34029E4EC66005DE49F /* Sources */,
				42F4F34129E4EC66005DE49F /* Frameworks */,
				42F4F34229E4EC66005DE49F /* Resources */,
			);
			buildRules = (
			);
			dependencies = (
				42F4F34629E4EC66005DE49F /* PBXTargetDependency */,
			);
			name = "0706012110025-Rifqie-AFL3UITests";
			productName = "0706012110025-Rifqie-AFL3UITests";
			productReference = 42F4F34429E4EC66005DE49F /* 0706012110025-Rifqie-AFL3UITests.xctest */;
			productType = "com.apple.product-type.bundle.ui-testing";
		};
/* End PBXNativeTarget section */

/* Begin PBXProject section */
		42F4F32229E4EC64005DE49F /* Project object */ = {
			isa = PBXProject;
			attributes = {
				BuildIndependentTargetsInParallel = 1;
				LastSwiftUpdateCheck = 1420;
				LastUpgradeCheck = 1420;
				TargetAttributes = {
					42F4F32929E4EC64005DE49F = {
						CreatedOnToolsVersion = 14.2;
					};
					42F4F33929E4EC66005DE49F = {
						CreatedOnToolsVersion = 14.2;
						TestTargetID = 42F4F32929E4EC64005DE49F;
					};
					42F4F34329E4EC66005DE49F = {
						CreatedOnToolsVersion = 14.2;
						TestTargetID = 42F4F32929E4EC64005DE49F;
					};
				};
			};
			buildConfigurationList = 42F4F32529E4EC64005DE49F /* Build configuration list for PBXProject "0706012110025-Rifqie-AFL3" */;
			compatibilityVersion = "Xcode 14.0";
			developmentRegion = en;
			hasScannedForEncodings = 0;
			knownRegions = (
				en,
				Base,
			);
			mainGroup = 42F4F32129E4EC64005DE49F;
			productRefGroup = 42F4F32B29E4EC64005DE49F /* Products */;
			projectDirPath = "";
			projectRoot = "";
			targets = (
				42F4F32929E4EC64005DE49F /* 0706012110025-Rifqie-AFL3 */,
				42F4F33929E4EC66005DE49F /* 0706012110025-Rifqie-AFL3Tests */,
				42F4F34329E4EC66005DE49F /* 0706012110025-Rifqie-AFL3UITests */,
			);
		};
/* End PBXProject section */

/* Begin PBXResourcesBuildPhase section */
		42F4F32829E4EC64005DE49F /* Resources */ = {
			isa = PBXResourcesBuildPhase;
			buildActionMask = 2147483647;
			files = (
				42F4F33529E4EC66005DE49F /* Preview Assets.xcassets in Resources */,
				42F4F33229E4EC66005DE49F /* Assets.xcassets in Resources */,
			);
			runOnlyForDeploymentPostprocessing = 0;
		};
		42F4F33829E4EC66005DE49F /* Resources */ = {
			isa = PBXResourcesBuildPhase;
			buildActionMask = 2147483647;
			files = (
			);
			runOnlyForDeploymentPostprocessing = 0;
		};
		42F4F34229E4EC66005DE49F /* Resources */ = {
			isa = PBXResourcesBuildPhase;
			buildActionMask = 2147483647;
			files = (
			);
			runOnlyForDeploymentPostprocessing = 0;
		};
/* End PBXResourcesBuildPhase section */

/* Begin PBXSourcesBuildPhase section */
		42F4F32629E4EC64005DE49F /* Sources */ = {
			isa = PBXSourcesBuildPhase;
			buildActionMask = 2147483647;
			files = (
				42F4F33029E4EC64005DE49F /* ContentView.swift in Sources */,
				42F4F32E29E4EC64005DE49F /* _706012110025_Rifqie_AFL3App.swift in Sources */,
				42F4F35829E4F04C005DE49F /* CircleImage.swift in Sources */,
			);
			runOnlyForDeploymentPostprocessing = 0;
		};
		42F4F33629E4EC66005DE49F /* Sources */ = {
			isa = PBXSourcesBuildPhase;
			buildActionMask = 2147483647;
			files = (
				42F4F33F29E4EC66005DE49F /* _706012110025_Rifqie_AFL3Tests.swift in Sources */,
			);
			runOnlyForDeploymentPostprocessing = 0;
		};
		42F4F34029E4EC66005DE49F /* Sources */ = {
			isa = PBXSourcesBuildPhase;
			buildActionMask = 2147483647;
			files = (
				42F4F34929E4EC66005DE49F /* _706012110025_Rifqie_AFL3UITests.swift in Sources */,
				42F4F34B29E4EC66005DE49F /* _706012110025_Rifqie_AFL3UITestsLaunchTests.swift in Sources */,
			);
			runOnlyForDeploymentPostprocessing = 0;
		};
/* End PBXSourcesBuildPhase section */

/* Begin PBXTargetDependency section */
		42F4F33C29E4EC66005DE49F /* PBXTargetDependency */ = {
			isa = PBXTargetDependency;
			target = 42F4F32929E4EC64005DE49F /* 0706012110025-Rifqie-AFL3 */;
			targetProxy = 42F4F33B29E4EC66005DE49F /* PBXContainerItemProxy */;
		};
		42F4F34629E4EC66005DE49F /* PBXTargetDependency */ = {
			isa = PBXTargetDependency;
			target = 42F4F32929E4EC64005DE49F /* 0706012110025-Rifqie-AFL3 */;
			targetProxy = 42F4F34529E4EC66005DE49F /* PBXContainerItemProxy */;
		};
/* End PBXTargetDependency section */

/* Begin XCBuildConfiguration section */
		42F4F34C29E4EC66005DE49F /* Debug */ = {
			isa = XCBuildConfiguration;
			buildSettings = {
				ALWAYS_SEARCH_USER_PATHS = NO;
				CLANG_ANALYZER_NONNULL = YES;
				CLANG_ANALYZER_NUMBER_OBJECT_CONVERSION = YES_AGGRESSIVE;
				CLANG_CXX_LANGUAGE_STANDARD = "gnu++20";
				CLANG_ENABLE_MODULES = YES;
				CLANG_ENABLE_OBJC_ARC = YES;
				CLANG_ENABLE_OBJC_WEAK = YES;
				CLANG_WARN_BLOCK_CAPTURE_AUTORELEASING = YES;
				CLANG_WARN_BOOL_CONVERSION = YES;
				CLANG_WARN_COMMA = YES;
				CLANG_WARN_CONSTANT_CONVERSION = YES;
				CLANG_WARN_DEPRECATED_OBJC_IMPLEMENTATIONS = YES;
				CLANG_WARN_DIRECT_OBJC_ISA_USAGE = YES_ERROR;
				CLANG_WARN_DOCUMENTATION_COMMENTS = YES;
				CLANG_WARN_EMPTY_BODY = YES;
				CLANG_WARN_ENUM_CONVERSION = YES;
				CLANG_WARN_INFINITE_RECURSION = YES;
				CLANG_WARN_INT_CONVERSION = YES;
				CLANG_WARN_NON_LITERAL_NULL_CONVERSION = YES;
				CLANG_WARN_OBJC_IMPLICIT_RETAIN_SELF = YES;
				CLANG_WARN_OBJC_LITERAL_CONVERSION = YES;
				CLANG_WARN_OBJC_ROOT_CLASS = YES_ERROR;
				CLANG_WARN_QUOTED_INCLUDE_IN_FRAMEWORK_HEADER = YES;
				CLANG_WARN_RANGE_LOOP_ANALYSIS = YES;
				CLANG_WARN_STRICT_PROTOTYPES = YES;
				CLANG_WARN_SUSPICIOUS_MOVE = YES;
				CLANG_WARN_UNGUARDED_AVAILABILITY = YES_AGGRESSIVE;
				CLANG_WARN_UNREACHABLE_CODE = YES;
				CLANG_WARN__DUPLICATE_METHOD_MATCH = YES;
				COPY_PHASE_STRIP = NO;
				DEBUG_INFORMATION_FORMAT = dwarf;
				ENABLE_STRICT_OBJC_MSGSEND = YES;
				ENABLE_TESTABILITY = YES;
				GCC_C_LANGUAGE_STANDARD = gnu11;
				GCC_DYNAMIC_NO_PIC = NO;
				GCC_NO_COMMON_BLOCKS = YES;
				GCC_OPTIMIZATION_LEVEL = 0;
				GCC_PREPROCESSOR_DEFINITIONS = (
					"DEBUG=1",
					"$(inherited)",
				);
				GCC_WARN_64_TO_32_BIT_CONVERSION = YES;
				GCC_WARN_ABOUT_RETURN_TYPE = YES_ERROR;
				GCC_WARN_UNDECLARED_SELECTOR = YES;
				GCC_WARN_UNINITIALIZED_AUTOS = YES_AGGRESSIVE;
				GCC_WARN_UNUSED_FUNCTION = YES;
				GCC_WARN_UNUSED_VARIABLE = YES;
				IPHONEOS_DEPLOYMENT_TARGET = 16.2;
				MTL_ENABLE_DEBUG_INFO = INCLUDE_SOURCE;
				MTL_FAST_MATH = YES;
				ONLY_ACTIVE_ARCH = YES;
				SDKROOT = iphoneos;
				SWIFT_ACTIVE_COMPILATION_CONDITIONS = DEBUG;
				SWIFT_OPTIMIZATION_LEVEL = "-Onone";
			};
			name = Debug;
		};
		42F4F34D29E4EC66005DE49F /* Release */ = {
			isa = XCBuildConfiguration;
			buildSettings = {
				ALWAYS_SEARCH_USER_PATHS = NO;
				CLANG_ANALYZER_NONNULL = YES;
				CLANG_ANALYZER_NUMBER_OBJECT_CONVERSION = YES_AGGRESSIVE;
				CLANG_CXX_LANGUAGE_STANDARD = "gnu++20";
				CLANG_ENABLE_MODULES = YES;
				CLANG_ENABLE_OBJC_ARC = YES;
				CLANG_ENABLE_OBJC_WEAK = YES;
				CLANG_WARN_BLOCK_CAPTURE_AUTORELEASING = YES;
				CLANG_WARN_BOOL_CONVERSION = YES;
				CLANG_WARN_COMMA = YES;
				CLANG_WARN_CONSTANT_CONVERSION = YES;
				CLANG_WARN_DEPRECATED_OBJC_IMPLEMENTATIONS = YES;
				CLANG_WARN_DIRECT_OBJC_ISA_USAGE = YES_ERROR;
				CLANG_WARN_DOCUMENTATION_COMMENTS = YES;
				CLANG_WARN_EMPTY_BODY = YES;
				CLANG_WARN_ENUM_CONVERSION = YES;
				CLANG_WARN_INFINITE_RECURSION = YES;
				CLANG_WARN_INT_CONVERSION = YES;
				CLANG_WARN_NON_LITERAL_NULL_CONVERSION = YES;
				CLANG_WARN_OBJC_IMPLICIT_RETAIN_SELF = YES;
				CLANG_WARN_OBJC_LITERAL_CONVERSION = YES;
				CLANG_WARN_OBJC_ROOT_CLASS = YES_ERROR;
				CLANG_WARN_QUOTED_INCLUDE_IN_FRAMEWORK_HEADER = YES;
				CLANG_WARN_RANGE_LOOP_ANALYSIS = YES;
				CLANG_WARN_STRICT_PROTOTYPES = YES;
				CLANG_WARN_SUSPICIOUS_MOVE = YES;
				CLANG_WARN_UNGUARDED_AVAILABILITY = YES_AGGRESSIVE;
				CLANG_WARN_UNREACHABLE_CODE = YES;
				CLANG_WARN__DUPLICATE_METHOD_MATCH = YES;
				COPY_PHASE_STRIP = NO;
				DEBUG_INFORMATION_FORMAT = "dwarf-with-dsym";
				ENABLE_NS_ASSERTIONS = NO;
				ENABLE_STRICT_OBJC_MSGSEND = YES;
				GCC_C_LANGUAGE_STANDARD = gnu11;
				GCC_NO_COMMON_BLOCKS = YES;
				GCC_WARN_64_TO_32_BIT_CONVERSION = YES;
				GCC_WARN_ABOUT_RETURN_TYPE = YES_ERROR;
				GCC_WARN_UNDECLARED_SELECTOR = YES;
				GCC_WARN_UNINITIALIZED_AUTOS = YES_AGGRESSIVE;
				GCC_WARN_UNUSED_FUNCTION = YES;
				GCC_WARN_UNUSED_VARIABLE = YES;
				IPHONEOS_DEPLOYMENT_TARGET = 16.2;
				MTL_ENABLE_DEBUG_INFO = NO;
				MTL_FAST_MATH = YES;
				SDKROOT = iphoneos;
				SWIFT_COMPILATION_MODE = wholemodule;
				SWIFT_OPTIMIZATION_LEVEL = "-O";
				VALIDATE_PRODUCT = YES;
			};
			name = Release;
		};
		42F4F34F29E4EC66005DE49F /* Debug */ = {
			isa = XCBuildConfiguration;
			buildSettings = {
				ASSETCATALOG_COMPILER_APPICON_NAME = AppIcon;
				ASSETCATALOG_COMPILER_GLOBAL_ACCENT_COLOR_NAME = AccentColor;
				CODE_SIGN_STYLE = Automatic;
				CURRENT_PROJECT_VERSION = 1;
				DEVELOPMENT_ASSET_PATHS = "\"0706012110025-Rifqie-AFL3/Preview Content\"";
				DEVELOPMENT_TEAM = 59XW7Z84R6;
				ENABLE_PREVIEWS = YES;
				GENERATE_INFOPLIST_FILE = YES;
				INFOPLIST_KEY_UIApplicationSceneManifest_Generation = YES;
				INFOPLIST_KEY_UIApplicationSupportsIndirectInputEvents = YES;
				INFOPLIST_KEY_UILaunchScreen_Generation = YES;
				INFOPLIST_KEY_UISupportedInterfaceOrientations_iPad = "UIInterfaceOrientationPortrait UIInterfaceOrientationPortraitUpsideDown UIInterfaceOrientationLandscapeLeft UIInterfaceOrientationLandscapeRight";
				INFOPLIST_KEY_UISupportedInterfaceOrientations_iPhone = "UIInterfaceOrientationPortrait UIInterfaceOrientationLandscapeLeft UIInterfaceOrientationLandscapeRight";
				LD_RUNPATH_SEARCH_PATHS = (
					"$(inherited)",
					"@executable_path/Frameworks",
				);
				MARKETING_VERSION = 1.0;
				PRODUCT_BUNDLE_IDENTIFIER = "uc.-706012110025-Rifqie-AFL3";
				PRODUCT_NAME = "$(TARGET_NAME)";
				SWIFT_EMIT_LOC_STRINGS = YES;
				SWIFT_VERSION = 5.0;
				TARGETED_DEVICE_FAMILY = "1,2";
			};
			name = Debug;
		};
		42F4F35029E4EC66005DE49F /* Release */ = {
			isa = XCBuildConfiguration;
			buildSettings = {
				ASSETCATALOG_COMPILER_APPICON_NAME = AppIcon;
				ASSETCATALOG_COMPILER_GLOBAL_ACCENT_COLOR_NAME = AccentColor;
				CODE_SIGN_STYLE = Automatic;
				CURRENT_PROJECT_VERSION = 1;
				DEVELOPMENT_ASSET_PATHS = "\"0706012110025-Rifqie-AFL3/Preview Content\"";
				DEVELOPMENT_TEAM = 59XW7Z84R6;
				ENABLE_PREVIEWS = YES;
				GENERATE_INFOPLIST_FILE = YES;
				INFOPLIST_KEY_UIApplicationSceneManifest_Generation = YES;
				INFOPLIST_KEY_UIApplicationSupportsIndirectInputEvents = YES;
				INFOPLIST_KEY_UILaunchScreen_Generation = YES;
				INFOPLIST_KEY_UISupportedInterfaceOrientations_iPad = "UIInterfaceOrientationPortrait UIInterfaceOrientationPortraitUpsideDown UIInterfaceOrientationLandscapeLeft UIInterfaceOrientationLandscapeRight";
				INFOPLIST_KEY_UISupportedInterfaceOrientations_iPhone = "UIInterfaceOrientationPortrait UIInterfaceOrientationLandscapeLeft UIInterfaceOrientationLandscapeRight";
				LD_RUNPATH_SEARCH_PATHS = (
					"$(inherited)",
					"@executable_path/Frameworks",
				);
				MARKETING_VERSION = 1.0;
				PRODUCT_BUNDLE_IDENTIFIER = "uc.-706012110025-Rifqie-AFL3";
				PRODUCT_NAME = "$(TARGET_NAME)";
				SWIFT_EMIT_LOC_STRINGS = YES;
				SWIFT_VERSION = 5.0;
				TARGETED_DEVICE_FAMILY = "1,2";
			};
			name = Release;
		};
		42F4F35229E4EC66005DE49F /* Debug */ = {
			isa = XCBuildConfiguration;
			buildSettings = {
				ALWAYS_EMBED_SWIFT_STANDARD_LIBRARIES = YES;
				BUNDLE_LOADER = "$(TEST_HOST)";
				CODE_SIGN_STYLE = Automatic;
				CURRENT_PROJECT_VERSION = 1;
				DEVELOPMENT_TEAM = 59XW7Z84R6;
				GENERATE_INFOPLIST_FILE = YES;
				IPHONEOS_DEPLOYMENT_TARGET = 16.2;
				MARKETING_VERSION = 1.0;
				PRODUCT_BUNDLE_IDENTIFIER = "uc.-706012110025-Rifqie-AFL3Tests";
				PRODUCT_NAME = "$(TARGET_NAME)";
				SWIFT_EMIT_LOC_STRINGS = NO;
				SWIFT_VERSION = 5.0;
				TARGETED_DEVICE_FAMILY = "1,2";
				TEST_HOST = "$(BUILT_PRODUCTS_DIR)/0706012110025-Rifqie-AFL3.app/$(BUNDLE_EXECUTABLE_FOLDER_PATH)/0706012110025-Rifqie-AFL3";
			};
			name = Debug;
		};
		42F4F35329E4EC66005DE49F /* Release */ = {
			isa = XCBuildConfiguration;
			buildSettings = {
				ALWAYS_EMBED_SWIFT_STANDARD_LIBRARIES = YES;
				BUNDLE_LOADER = "$(TEST_HOST)";
				CODE_SIGN_STYLE = Automatic;
				CURRENT_PROJECT_VERSION = 1;
				DEVELOPMENT_TEAM = 59XW7Z84R6;
				GENERATE_INFOPLIST_FILE = YES;
				IPHONEOS_DEPLOYMENT_TARGET = 16.2;
				MARKETING_VERSION = 1.0;
				PRODUCT_BUNDLE_IDENTIFIER = "uc.-706012110025-Rifqie-AFL3Tests";
				PRODUCT_NAME = "$(TARGET_NAME)";
				SWIFT_EMIT_LOC_STRINGS = NO;
				SWIFT_VERSION = 5.0;
				TARGETED_DEVICE_FAMILY = "1,2";
				TEST_HOST = "$(BUILT_PRODUCTS_DIR)/0706012110025-Rifqie-AFL3.app/$(BUNDLE_EXECUTABLE_FOLDER_PATH)/0706012110025-Rifqie-AFL3";
			};
			name = Release;
		};
		42F4F35529E4EC66005DE49F /* Debug */ = {
			isa = XCBuildConfiguration;
			buildSettings = {
				ALWAYS_EMBED_SWIFT_STANDARD_LIBRARIES = YES;
				CODE_SIGN_STYLE = Automatic;
				CURRENT_PROJECT_VERSION = 1;
				DEVELOPMENT_TEAM = 59XW7Z84R6;
				GENERATE_INFOPLIST_FILE = YES;
				MARKETING_VERSION = 1.0;
				PRODUCT_BUNDLE_IDENTIFIER = "uc.-706012110025-Rifqie-AFL3UITests";
				PRODUCT_NAME = "$(TARGET_NAME)";
				SWIFT_EMIT_LOC_STRINGS = NO;
				SWIFT_VERSION = 5.0;
				TARGETED_DEVICE_FAMILY = "1,2";
				TEST_TARGET_NAME = "0706012110025-Rifqie-AFL3";
			};
			name = Debug;
		};
		42F4F35629E4EC66005DE49F /* Release */ = {
			isa = XCBuildConfiguration;
			buildSettings = {
				ALWAYS_EMBED_SWIFT_STANDARD_LIBRARIES = YES;
				CODE_SIGN_STYLE = Automatic;
				CURRENT_PROJECT_VERSION = 1;
				DEVELOPMENT_TEAM = 59XW7Z84R6;
				GENERATE_INFOPLIST_FILE = YES;
				MARKETING_VERSION = 1.0;
				PRODUCT_BUNDLE_IDENTIFIER = "uc.-706012110025-Rifqie-AFL3UITests";
				PRODUCT_NAME = "$(TARGET_NAME)";
				SWIFT_EMIT_LOC_STRINGS = NO;
				SWIFT_VERSION = 5.0;
				TARGETED_DEVICE_FAMILY = "1,2";
				TEST_TARGET_NAME = "0706012110025-Rifqie-AFL3";
			};
			name = Release;
		};
/* End XCBuildConfiguration section */

/* Begin XCConfigurationList section */
		42F4F32529E4EC64005DE49F /* Build configuration list for PBXProject "0706012110025-Rifqie-AFL3" */ = {
			isa = XCConfigurationList;
			buildConfigurations = (
				42F4F34C29E4EC66005DE49F /* Debug */,
				42F4F34D29E4EC66005DE49F /* Release */,
			);
			defaultConfigurationIsVisible = 0;
			defaultConfigurationName = Release;
		};
		42F4F34E29E4EC66005DE49F /* Build configuration list for PBXNativeTarget "0706012110025-Rifqie-AFL3" */ = {
			isa = XCConfigurationList;
			buildConfigurations = (
				42F4F34F29E4EC66005DE49F /* Debug */,
				42F4F35029E4EC66005DE49F /* Release */,
			);
			defaultConfigurationIsVisible = 0;
			defaultConfigurationName = Release;
		};
		42F4F35129E4EC66005DE49F /* Build configuration list for PBXNativeTarget "0706012110025-Rifqie-AFL3Tests" */ = {
			isa = XCConfigurationList;
			buildConfigurations = (
				42F4F35229E4EC66005DE49F /* Debug */,
				42F4F35329E4EC66005DE49F /* Release */,
			);
			defaultConfigurationIsVisible = 0;
			defaultConfigurationName = Release;
		};
		42F4F35429E4EC66005DE49F /* Build configuration list for PBXNativeTarget "0706012110025-Rifqie-AFL3UITests" */ = {
			isa = XCConfigurationList;
			buildConfigurations = (
				42F4F35529E4EC66005DE49F /* Debug */,
				42F4F35629E4EC66005DE49F /* Release */,
			);
			defaultConfigurationIsVisible = 0;
			defaultConfigurationName = Release;
		};
/* End XCConfigurationList section */
	};
	rootObject = 42F4F32229E4EC64005DE49F /* Project object */;
}
